// !$*UTF8*$!
{
	archiveVersion = 1;
	classes = {
	};
	objectVersion = 48;
	objects = {

/* Begin PBXBuildFile section */
		AC3D2470200C81BB00D9C9E8 /* AppDelegate.swift in Sources */ = {isa = PBXBuildFile; fileRef = AC3D246F200C81BB00D9C9E8 /* AppDelegate.swift */; };
		AC3D2472200C81BB00D9C9E8 /* ViewController.swift in Sources */ = {isa = PBXBuildFile; fileRef = AC3D2471200C81BB00D9C9E8 /* ViewController.swift */; };
		AC3D2475200C81BB00D9C9E8 /* Main.storyboard in Resources */ = {isa = PBXBuildFile; fileRef = AC3D2473200C81BB00D9C9E8 /* Main.storyboard */; };
		AC3D2478200C81BB00D9C9E8 /* picBrowser.xcdatamodeld in Sources */ = {isa = PBXBuildFile; fileRef = AC3D2476200C81BB00D9C9E8 /* picBrowser.xcdatamodeld */; };
		AC3D247A200C81BB00D9C9E8 /* Assets.xcassets in Resources */ = {isa = PBXBuildFile; fileRef = AC3D2479200C81BB00D9C9E8 /* Assets.xcassets */; };
		AC3D247D200C81BB00D9C9E8 /* LaunchScreen.storyboard in Resources */ = {isa = PBXBuildFile; fileRef = AC3D247B200C81BB00D9C9E8 /* LaunchScreen.storyboard */; };
		AC3D2485200C81D300D9C9E8 /* CollectionCell.swift in Sources */ = {isa = PBXBuildFile; fileRef = AC3D2484200C81D300D9C9E8 /* CollectionCell.swift */; };
		AC3D2487200C837700D9C9E8 /* CollectionModel.swift in Sources */ = {isa = PBXBuildFile; fileRef = AC3D2486200C837700D9C9E8 /* CollectionModel.swift */; };
/* End PBXBuildFile section */

/* Begin PBXFileReference section */
		AC3D246C200C81BB00D9C9E8 /* picBrowser.app */ = {isa = PBXFileReference; explicitFileType = wrapper.application; includeInIndex = 0; path = picBrowser.app; sourceTree = BUILT_PRODUCTS_DIR; };
		AC3D246F200C81BB00D9C9E8 /* AppDelegate.swift */ = {isa = PBXFileReference; lastKnownFileType = sourcecode.swift; path = AppDelegate.swift; sourceTree = "<group>"; };
		AC3D2471200C81BB00D9C9E8 /* ViewController.swift */ = {isa = PBXFileReference; lastKnownFileType = sourcecode.swift; path = ViewController.swift; sourceTree = "<group>"; };
		AC3D2474200C81BB00D9C9E8 /* Base */ = {isa = PBXFileReference; lastKnownFileType = file.storyboard; name = Base; path = Base.lproj/Main.storyboard; sourceTree = "<group>"; };
		AC3D2477200C81BB00D9C9E8 /* picBrowser.xcdatamodel */ = {isa = PBXFileReference; lastKnownFileType = wrapper.xcdatamodel; path = picBrowser.xcdatamodel; sourceTree = "<group>"; };
		AC3D2479200C81BB00D9C9E8 /* Assets.xcassets */ = {isa = PBXFileReference; lastKnownFileType = folder.assetcatalog; path = Assets.xcassets; sourceTree = "<group>"; };
		AC3D247C200C81BB00D9C9E8 /* Base */ = {isa = PBXFileReference; lastKnownFileType = file.storyboard; name = Base; path = Base.lproj/LaunchScreen.storyboard; sourceTree = "<group>"; };
		AC3D247E200C81BB00D9C9E8 /* Info.plist */ = {isa = PBXFileReference; lastKnownFileType = text.plist.xml; path = Info.plist; sourceTree = "<group>"; };
		AC3D2484200C81D300D9C9E8 /* CollectionCell.swift */ = {isa = PBXFileReference; lastKnownFileType = sourcecode.swift; path = CollectionCell.swift; sourceTree = "<group>"; };
		AC3D2486200C837700D9C9E8 /* CollectionModel.swift */ = {isa = PBXFileReference; lastKnownFileType = sourcecode.swift; path = CollectionModel.swift; sourceTree = "<group>"; };
/* End PBXFileReference section */

/* Begin PBXFrameworksBuildPhase section */
		AC3D2469200C81BB00D9C9E8 /* Frameworks */ = {
			isa = PBXFrameworksBuildPhase;
			buildActionMask = 2147483647;
			files = (
			);
			runOnlyForDeploymentPostprocessing = 0;
		};
/* End PBXFrameworksBuildPhase section */

/* Begin PBXGroup section */
		AC3D2463200C81BB00D9C9E8 = {
			isa = PBXGroup;
			children = (
				AC3D246E200C81BB00D9C9E8 /* picBrowser */,
				AC3D246D200C81BB00D9C9E8 /* Products */,
			);
			sourceTree = "<group>";
		};
		AC3D246D200C81BB00D9C9E8 /* Products */ = {
			isa = PBXGroup;
			children = (
				AC3D246C200C81BB00D9C9E8 /* picBrowser.app */,
			);
			name = Products;
			sourceTree = "<group>";
		};
		AC3D246E200C81BB00D9C9E8 /* picBrowser */ = {
			isa = PBXGroup;
			children = (
				AC3D246F200C81BB00D9C9E8 /* AppDelegate.swift */,
				AC3D2471200C81BB00D9C9E8 /* ViewController.swift */,
				AC3D2473200C81BB00D9C9E8 /* Main.storyboard */,
				AC3D2479200C81BB00D9C9E8 /* Assets.xcassets */,
				AC3D247B200C81BB00D9C9E8 /* LaunchScreen.storyboard */,
				AC3D247E200C81BB00D9C9E8 /* Info.plist */,
				AC3D2476200C81BB00D9C9E8 /* picBrowser.xcdatamodeld */,
				AC3D2484200C81D300D9C9E8 /* CollectionCell.swift */,
				AC3D2486200C837700D9C9E8 /* CollectionModel.swift */,
			);
			path = picBrowser;
			sourceTree = "<group>";
		};
/* End PBXGroup section */

/* Begin PBXNativeTarget section */
		AC3D246B200C81BB00D9C9E8 /* picBrowser */ = {
			isa = PBXNativeTarget;
			buildConfigurationList = AC3D2481200C81BB00D9C9E8 /* Build configuration list for PBXNativeTarget "picBrowser" */;
			buildPhases = (
				AC3D2468200C81BB00D9C9E8 /* Sources */,
				AC3D2469200C81BB00D9C9E8 /* Frameworks */,
				AC3D246A200C81BB00D9C9E8 /* Resources */,
			);
			buildRules = (
			);
			dependencies = (
			);
			name = picBrowser;
			productName = picBrowser;
			productReference = AC3D246C200C81BB00D9C9E8 /* picBrowser.app */;
			productType = "com.apple.product-type.application";
		};
/* End PBXNativeTarget section */

/* Begin PBXProject section */
		AC3D2464200C81BB00D9C9E8 /* Project object */ = {
			isa = PBXProject;
			attributes = {
				LastSwiftUpdateCheck = 0920;
				LastUpgradeCheck = 0920;
				ORGANIZATIONNAME = "苏一护";
				TargetAttributes = {
					AC3D246B200C81BB00D9C9E8 = {
						CreatedOnToolsVersion = 9.2;
						ProvisioningStyle = Automatic;
					};
				};
			};
			buildConfigurationList = AC3D2467200C81BB00D9C9E8 /* Build configuration list for PBXProject "picBrowser" */;
			compatibilityVersion = "Xcode 8.0";
			developmentRegion = en;
			hasScannedForEncodings = 0;
			knownRegions = (
				en,
				Base,
			);
			mainGroup = AC3D2463200C81BB00D9C9E8;
			productRefGroup = AC3D246D200C81BB00D9C9E8 /* Products */;
			projectDirPath = "";
			projectRoot = "";
			targets = (
				AC3D246B200C81BB00D9C9E8 /* picBrowser */,
			);
		};
/* End PBXProject section */

/* Begin PBXResourcesBuildPhase section */
		AC3D246A200C81BB00D9C9E8 /* Resources */ = {
			isa = PBXResourcesBuildPhase;
			buildActionMask = 2147483647;
			files = (
				AC3D247D200C81BB00D9C9E8 /* LaunchScreen.storyboard in Resources */,
				AC3D247A200C81BB00D9C9E8 /* Assets.xcassets in Resources */,
				AC3D2475200C81BB00D9C9E8 /* Main.storyboard in Resources */,
			);
			runOnlyForDeploymentPostprocessing = 0;
		};
/* End PBXResourcesBuildPhase section */

/* Begin PBXSourcesBuildPhase section */
		AC3D2468200C81BB00D9C9E8 /* Sources */ = {
			isa = PBXSourcesBuildPhase;
			buildActionMask = 2147483647;
			files = (
				AC3D2472200C81BB00D9C9E8 /* ViewController.swift in Sources */,
				AC3D2478200C81BB00D9C9E8 /* picBrowser.xcdatamodeld in Sources */,
				AC3D2470200C81BB00D9C9E8 /* AppDelegate.swift in Sources */,
				AC3D2485200C81D300D9C9E8 /* CollectionCell.swift in Sources */,
				AC3D2487200C837700D9C9E8 /* CollectionModel.swift in Sources */,
			);
			runOnlyForDeploymentPostprocessing = 0;
		};
/* End PBXSourcesBuildPhase section */

/* Begin PBXVariantGroup section */
		AC3D2473200C81BB00D9C9E8 /* Main.storyboard */ = {
			isa = PBXVariantGroup;
			children = (
				AC3D2474200C81BB00D9C9E8 /* Base */,
			);
			name = Main.storyboard;
			sourceTree = "<group>";
		};
		AC3D247B200C81BB00D9C9E8 /* LaunchScreen.storyboard */ = {
			isa = PBXVariantGroup;
			children = (
				AC3D247C200C81BB00D9C9E8 /* Base */,
			);
			name = LaunchScreen.storyboard;
			sourceTree = "<group>";
		};
/* End PBXVariantGroup section */

/* Begin XCBuildConfiguration section */
		AC3D247F200C81BB00D9C9E8 /* Debug */ = {
			isa = XCBuildConfiguration;
			buildSettings = {
				ALWAYS_SEARCH_USER_PATHS = NO;
				CLANG_ANALYZER_NONNULL = YES;
				CLANG_ANALYZER_NUMBER_OBJECT_CONVERSION = YES_AGGRESSIVE;
				CLANG_CXX_LANGUAGE_STANDARD = "gnu++14";
				CLANG_CXX_LIBRARY = "libc++";
				CLANG_ENABLE_MODULES = YES;
				CLANG_ENABLE_OBJC_ARC = YES;
				CLANG_WARN_BLOCK_CAPTURE_AUTORELEASING = YES;
				CLANG_WARN_BOOL_CONVERSION = YES;
				CLANG_WARN_COMMA = YES;
				CLANG_WARN_CONSTANT_CONVERSION = YES;
				CLANG_WARN_DIRECT_OBJC_ISA_USAGE = YES_ERROR;
				CLANG_WARN_DOCUMENTATION_COMMENTS = YES;
				CLANG_WARN_EMPTY_BODY = YES;
				CLANG_WARN_ENUM_CONVERSION = YES;
				CLANG_WARN_INFINITE_RECURSION = YES;
				CLANG_WARN_INT_CONVERSION = YES;
				CLANG_WARN_NON_LITERAL_NULL_CONVERSION = YES;
				CLANG_WARN_OBJC_LITERAL_CONVERSION = YES;
				CLANG_WARN_OBJC_ROOT_CLASS = YES_ERROR;
				CLANG_WARN_RANGE_LOOP_ANALYSIS = YES;
				CLANG_WARN_STRICT_PROTOTYPES = YES;
				CLANG_WARN_SUSPICIOUS_MOVE = YES;
				CLANG_WARN_UNGUARDED_AVAILABILITY = YES_AGGRESSIVE;
				CLANG_WARN_UNREACHABLE_CODE = YES;
				CLANG_WARN__DUPLICATE_METHOD_MATCH = YES;
				CODE_SIGN_IDENTITY = "iPhone Developer";
				COPY_PHASE_STRIP = NO;
				DEBUG_INFORMATION_FORMAT = dwarf;
				ENABLE_STRICT_OBJC_MSGSEND = YES;
				ENABLE_TESTABILITY = YES;
				GCC_C_LANGUAGE_STANDARD = gnu11;
				GCC_DYNAMIC_NO_PIC = NO;
				GCC_NO_COMMON_BLOCKS = YES;
				GCC_OPTIMIZATION_LEVEL = 0;
				GCC_PREPROCESSOR_DEFINITIONS = (
					"DEBUG=1",
					"$(inherited)",
				);
				GCC_WARN_64_TO_32_BIT_CONVERSION = YES;
				GCC_WARN_ABOUT_RETURN_TYPE = YES_ERROR;
				GCC_WARN_UNDECLARED_SELECTOR = YES;
				GCC_WARN_UNINITIALIZED_AUTOS = YES_AGGRESSIVE;
				GCC_WARN_UNUSED_FUNCTION = YES;
				GCC_WARN_UNUSED_VARIABLE = YES;
				IPHONEOS_DEPLOYMENT_TARGET = 11.2;
				MTL_ENABLE_DEBUG_INFO = YES;
				ONLY_ACTIVE_ARCH = YES;
				SDKROOT = iphoneos;
				SWIFT_ACTIVE_COMPILATION_CONDITIONS = DEBUG;
				SWIFT_OPTIMIZATION_LEVEL = "-Onone";
			};
			name = Debug;
		};
		AC3D2480200C81BB00D9C9E8 /* Release */ = {
			isa = XCBuildConfiguration;
			buildSettings = {
				ALWAYS_SEARCH_USER_PATHS = NO;
				CLANG_ANALYZER_NONNULL = YES;
				CLANG_ANALYZER_NUMBER_OBJECT_CONVERSION = YES_AGGRESSIVE;
				CLANG_CXX_LANGUAGE_STANDARD = "gnu++14";
				CLANG_CXX_LIBRARY = "libc++";
				CLANG_ENABLE_MODULES = YES;
				CLANG_ENABLE_OBJC_ARC = YES;
				CLANG_WARN_BLOCK_CAPTURE_AUTORELEASING = YES;
				CLANG_WARN_BOOL_CONVERSION = YES;
				CLANG_WARN_COMMA = YES;
				CLANG_WARN_CONSTANT_CONVERSION = YES;
				CLANG_WARN_DIRECT_OBJC_ISA_USAGE = YES_ERROR;
				CLANG_WARN_DOCUMENTATION_COMMENTS = YES;
				CLANG_WARN_EMPTY_BODY = YES;
				CLANG_WARN_ENUM_CONVERSION = YES;
				CLANG_WARN_INFINITE_RECURSION = YES;
				CLANG_WARN_INT_CONVERSION = YES;
				CLANG_WARN_NON_LITERAL_NULL_CONVERSION = YES;
				CLANG_WARN_OBJC_LITERAL_CONVERSION = YES;
				CLANG_WARN_OBJC_ROOT_CLASS = YES_ERROR;
				CLANG_WARN_RANGE_LOOP_ANALYSIS = YES;
				CLANG_WARN_STRICT_PROTOTYPES = YES;
				CLANG_WARN_SUSPICIOUS_MOVE = YES;
				CLANG_WARN_UNGUARDED_AVAILABILITY = YES_AGGRESSIVE;
				CLANG_WARN_UNREACHABLE_CODE = YES;
				CLANG_WARN__DUPLICATE_METHOD_MATCH = YES;
				CODE_SIGN_IDENTITY = "iPhone Developer";
				COPY_PHASE_STRIP = NO;
				DEBUG_INFORMATION_FORMAT = "dwarf-with-dsym";
				ENABLE_NS_ASSERTIONS = NO;
				ENABLE_STRICT_OBJC_MSGSEND = YES;
				GCC_C_LANGUAGE_STANDARD = gnu11;
				GCC_NO_COMMON_BLOCKS = YES;
				GCC_WARN_64_TO_32_BIT_CONVERSION = YES;
				GCC_WARN_ABOUT_RETURN_TYPE = YES_ERROR;
				GCC_WARN_UNDECLARED_SELECTOR = YES;
				GCC_WARN_UNINITIALIZED_AUTOS = YES_AGGRESSIVE;
				GCC_WARN_UNUSED_FUNCTION = YES;
				GCC_WARN_UNUSED_VARIABLE = YES;
				IPHONEOS_DEPLOYMENT_TARGET = 11.2;
				MTL_ENABLE_DEBUG_INFO = NO;
				SDKROOT = iphoneos;
				SWIFT_OPTIMIZATION_LEVEL = "-Owholemodule";
				VALIDATE_PRODUCT = YES;
			};
			name = Release;
		};
		AC3D2482200C81BB00D9C9E8 /* Debug */ = {
			isa = XCBuildConfiguration;
			buildSettings = {
				ASSETCATALOG_COMPILER_APPICON_NAME = AppIcon;
				CODE_SIGN_STYLE = Automatic;
				DEVELOPMENT_TEAM = 7DAZCPG2RP;
				INFOPLIST_FILE = picBrowser/Info.plist;
				LD_RUNPATH_SEARCH_PATHS = "$(inherited) @executable_path/Frameworks";
				PRODUCT_BUNDLE_IDENTIFIER = com.miscy210.picBrowser;
				PRODUCT_NAME = "$(TARGET_NAME)";
				SWIFT_VERSION = 4.0;
				TARGETED_DEVICE_FAMILY = "1,2";
			};
			name = Debug;
		};
		AC3D2483200C81BB00D9C9E8 /* Release */ = {
			isa = XCBuildConfiguration;
			buildSettings = {
				ASSETCATALOG_COMPILER_APPICON_NAME = AppIcon;
				CODE_SIGN_STYLE = Automatic;
				DEVELOPMENT_TEAM = 7DAZCPG2RP;
				INFOPLIST_FILE = picBrowser/Info.plist;
				LD_RUNPATH_SEARCH_PATHS = "$(inherited) @executable_path/Frameworks";
				PRODUCT_BUNDLE_IDENTIFIER = com.miscy210.picBrowser;
				PRODUCT_NAME = "$(TARGET_NAME)";
				SWIFT_VERSION = 4.0;
				TARGETED_DEVICE_FAMILY = "1,2";
			};
			name = Release;
		};
/* End XCBuildConfiguration section */

/* Begin XCConfigurationList section */
		AC3D2467200C81BB00D9C9E8 /* Build configuration list for PBXProject "picBrowser" */ = {
			isa = XCConfigurationList;
			buildConfigurations = (
				AC3D247F200C81BB00D9C9E8 /* Debug */,
				AC3D2480200C81BB00D9C9E8 /* Release */,
			);
			defaultConfigurationIsVisible = 0;
			defaultConfigurationName = Release;
		};
		AC3D2481200C81BB00D9C9E8 /* Build configuration list for PBXNativeTarget "picBrowser" */ = {
			isa = XCConfigurationList;
			buildConfigurations = (
				AC3D2482200C81BB00D9C9E8 /* Debug */,
				AC3D2483200C81BB00D9C9E8 /* Release */,
			);
			defaultConfigurationIsVisible = 0;
			defaultConfigurationName = Release;
		};
/* End XCConfigurationList section */

/* Begin XCVersionGroup section */
		AC3D2476200C81BB00D9C9E8 /* picBrowser.xcdatamodeld */ = {
			isa = XCVersionGroup;
			children = (
				AC3D2477200C81BB00D9C9E8 /* picBrowser.xcdatamodel */,
			);
			currentVersion = AC3D2477200C81BB00D9C9E8 /* picBrowser.xcdatamodel */;
			path = picBrowser.xcdatamodeld;
			sourceTree = "<group>";
			versionGroupType = wrapper.xcdatamodel;
		};
/* End XCVersionGroup section */
	};
	rootObject = AC3D2464200C81BB00D9C9E8 /* Project object */;
}
